
Microsoft Visual Studio Solution File, Format Version 12.00
# Visual Studio 15
VisualStudioVersion = 15.0.27512.0
MinimumVisualStudioVersion = 10.0.40219.1
Project("{FAE04EC0-301F-11D3-BF4B-00C04F79EFBC}") = "UUNotsis", "UUNotsis\UUNotsis.csproj", "{B6AFF31C-73FF-4618-B4C1-4D674F25E4DA}"
EndProject
Global
	GlobalSection(SolutionConfigurationPlatforms) = preSolution
		Debug|Any CPU = Debug|Any CPU
		Release|Any CPU = Release|Any CPU
	EndGlobalSection
	GlobalSection(ProjectConfigurationPlatforms) = postSolution
		{B6AFF31C-73FF-4618-B4C1-4D674F25E4DA}.Debug|Any CPU.ActiveCfg = Debug|Any CPU
		{B6AFF31C-73FF-4618-B4C1-4D674F25E4DA}.Debug|Any CPU.Build.0 = Debug|Any CPU
		{B6AFF31C-73FF-4618-B4C1-4D674F25E4DA}.Release|Any CPU.ActiveCfg = Release|Any CPU
		{B6AFF31C-73FF-4618-B4C1-4D674F25E4DA}.Release|Any CPU.Build.0 = Release|Any CPU
	EndGlobalSection
	GlobalSection(SolutionProperties) = preSolution
		HideSolutionNode = FALSE
	EndGlobalSection
	GlobalSection(ExtensibilityGlobals) = postSolution
		SolutionGuid = {7A9C579C-945B-417A-9176-53BCDABAA3D7}
	EndGlobalSection
EndGlobal
